{
	"name": "eask2nix",
	"version": "0.1.2",
	"lockfileVersion": 2,
	"requires": true,
	"packages": {
		"": {
			"name": "eask2nix",
			"version": "0.1.2",
			"license": "GPL-3.0",
			"dependencies": {
				"which": "^2.0.2",
				"yargs": "^18.0.0"
			},
			"bin": {
				"eask2nix": "eask2nix"
			}
		},
		"node_modules/ansi-regex": {
			"version": "6.2.0",
			"resolved": "https://registry.npmjs.org/ansi-regex/-/ansi-regex-6.2.0.tgz",
			"integrity": "sha512-TKY5pyBkHyADOPYlRT9Lx6F544mPl0vS5Ew7BJ45hA08Q+t3GjbueLliBWN3sMICk6+y7HdyxSzC4bWS8baBdg==",
			"engines": {
				"node": ">=12"
			},
			"funding": {
				"url": "https://github.com/chalk/ansi-regex?sponsor=1"
			}
		},
		"node_modules/ansi-styles": {
			"version": "6.2.1",
			"resolved": "https://registry.npmjs.org/ansi-styles/-/ansi-styles-6.2.1.tgz",
			"integrity": "sha512-bN798gFfQX+viw3R7yrGWRqnrN2oRkEkUjjl4JNn4E8GxxbjtG3FbrEIIY3l8/hrwUwIeCZvi4QuOTP4MErVug==",
			"engines": {
				"node": ">=12"
			},
			"funding": {
				"url": "https://github.com/chalk/ansi-styles?sponsor=1"
			}
		},
		"node_modules/cliui": {
			"version": "9.0.1",
			"resolved": "https://registry.npmjs.org/cliui/-/cliui-9.0.1.tgz",
			"integrity": "sha512-k7ndgKhwoQveBL+/1tqGJYNz097I7WOvwbmmU2AR5+magtbjPWQTS1C5vzGkBC8Ym8UWRzfKUzUUqFLypY4Q+w==",
			"dependencies": {
				"string-width": "^7.2.0",
				"strip-ansi": "^7.1.0",
				"wrap-ansi": "^9.0.0"
			},
			"engines": {
				"node": ">=20"
			}
		},
		"node_modules/emoji-regex": {
			"version": "10.4.0",
			"resolved": "https://registry.npmjs.org/emoji-regex/-/emoji-regex-10.4.0.tgz",
			"integrity": "sha512-EC+0oUMY1Rqm4O6LLrgjtYDvcVYTy7chDnM4Q7030tP4Kwj3u/pR6gP9ygnp2CJMK5Gq+9Q2oqmrFJAz01DXjw=="
		},
		"node_modules/escalade": {
			"version": "3.1.1",
			"resolved": "https://registry.npmjs.org/escalade/-/escalade-3.1.1.tgz",
			"integrity": "sha512-k0er2gUkLf8O0zKJiAhmkTnJlTvINGv7ygDNPbeIsX/TJjGJZHuh9B2UxbsaEkmlEo9MfhrSzmhIlhRlI2GXnw==",
			"engines": {
				"node": ">=6"
			}
		},
		"node_modules/get-caller-file": {
			"version": "2.0.5",
			"resolved": "https://registry.npmjs.org/get-caller-file/-/get-caller-file-2.0.5.tgz",
			"integrity": "sha512-DyFP3BM/3YHTQOCUL/w0OZHR0lpKeGrxotcHWcqNEdnltqFwXVfhEBQ94eIo34AfQpo0rGki4cyIiftY06h2Fg==",
			"engines": {
				"node": "6.* || 8.* || >= 10.*"
			}
		},
		"node_modules/get-east-asian-width": {
			"version": "1.3.0",
			"resolved": "https://registry.npmjs.org/get-east-asian-width/-/get-east-asian-width-1.3.0.tgz",
			"integrity": "sha512-vpeMIQKxczTD/0s2CdEWHcb0eeJe6TFjxb+J5xgX7hScxqrGuyjmv4c1D4A/gelKfyox0gJJwIHF+fLjeaM8kQ==",
			"engines": {
				"node": ">=18"
			},
			"funding": {
				"url": "https://github.com/sponsors/sindresorhus"
			}
		},
		"node_modules/isexe": {
			"version": "2.0.0",
			"resolved": "https://registry.npmjs.org/isexe/-/isexe-2.0.0.tgz",
			"integrity": "sha512-RHxMLp9lnKHGHRng9QFhRCMbYAcVpn69smSGcq3f36xjgVVWThj4qqLbTLlq7Ssj8B+fIQ1EuCEGI2lKsyQeIw=="
		},
		"node_modules/string-width": {
			"version": "7.2.0",
			"resolved": "https://registry.npmjs.org/string-width/-/string-width-7.2.0.tgz",
			"integrity": "sha512-tsaTIkKW9b4N+AEj+SVA+WhJzV7/zMhcSu78mLKWSk7cXMOSHsBKFWUs0fWwq8QyK3MgJBQRX6Gbi4kYbdvGkQ==",
			"dependencies": {
				"emoji-regex": "^10.3.0",
				"get-east-asian-width": "^1.0.0",
				"strip-ansi": "^7.1.0"
			},
			"engines": {
				"node": ">=18"
			},
			"funding": {
				"url": "https://github.com/sponsors/sindresorhus"
			}
		},
		"node_modules/strip-ansi": {
			"version": "7.1.0",
			"resolved": "https://registry.npmjs.org/strip-ansi/-/strip-ansi-7.1.0.tgz",
			"integrity": "sha512-iq6eVVI64nQQTRYq2KtEg2d2uU7LElhTJwsH4YzIHZshxlgZms/wIc4VoDQTlG/IvVIrBKG06CrZnp0qv7hkcQ==",
			"dependencies": {
				"ansi-regex": "^6.0.1"
			},
			"engines": {
				"node": ">=12"
			},
			"funding": {
				"url": "https://github.com/chalk/strip-ansi?sponsor=1"
			}
		},
		"node_modules/which": {
			"version": "2.0.2",
			"resolved": "https://registry.npmjs.org/which/-/which-2.0.2.tgz",
			"integrity": "sha512-BLI3Tl1TW3Pvl70l3yq3Y64i+awpwXqsGBYWkkqMtnbXgrMD+yj7rhW0kuEDxzJaYXGjEW5ogapKNMEKNMjibA==",
			"dependencies": {
				"isexe": "^2.0.0"
			},
			"bin": {
				"node-which": "bin/node-which"
			},
			"engines": {
				"node": ">= 8"
			}
		},
		"node_modules/wrap-ansi": {
			"version": "9.0.0",
			"resolved": "https://registry.npmjs.org/wrap-ansi/-/wrap-ansi-9.0.0.tgz",
			"integrity": "sha512-G8ura3S+3Z2G+mkgNRq8dqaFZAuxfsxpBB8OCTGRTCtp+l/v9nbFNmCUP1BZMts3G1142MsZfn6eeUKrr4PD1Q==",
			"dependencies": {
				"ansi-styles": "^6.2.1",
				"string-width": "^7.0.0",
				"strip-ansi": "^7.1.0"
			},
			"engines": {
				"node": ">=18"
			},
			"funding": {
				"url": "https://github.com/chalk/wrap-ansi?sponsor=1"
			}
		},
		"node_modules/y18n": {
			"version": "5.0.8",
			"resolved": "https://registry.npmjs.org/y18n/-/y18n-5.0.8.tgz",
			"integrity": "sha512-0pfFzegeDWJHJIAmTLRP2DwHjdF5s7jo9tuztdQxAhINCdvS+3nGINqPd00AphqJR/0LhANUS6/+7SCb98YOfA==",
			"engines": {
				"node": ">=10"
			}
		},
		"node_modules/yargs": {
			"version": "18.0.0",
			"resolved": "https://registry.npmjs.org/yargs/-/yargs-18.0.0.tgz",
			"integrity": "sha512-4UEqdc2RYGHZc7Doyqkrqiln3p9X2DZVxaGbwhn2pi7MrRagKaOcIKe8L3OxYcbhXLgLFUS3zAYuQjKBQgmuNg==",
			"dependencies": {
				"cliui": "^9.0.1",
				"escalade": "^3.1.1",
				"get-caller-file": "^2.0.5",
				"string-width": "^7.2.0",
				"y18n": "^5.0.5",
				"yargs-parser": "^22.0.0"
			},
			"engines": {
				"node": "^20.19.0 || ^22.12.0 || >=23"
			}
		},
		"node_modules/yargs-parser": {
			"version": "22.0.0",
			"resolved": "https://registry.npmjs.org/yargs-parser/-/yargs-parser-22.0.0.tgz",
			"integrity": "sha512-rwu/ClNdSMpkSrUb+d6BRsSkLUq1fmfsY6TOpYzTwvwkg1/NRG85KBy3kq++A8LKQwX6lsu+aWad+2khvuXrqw==",
			"engines": {
				"node": "^20.19.0 || ^22.12.0 || >=23"
			}
		}
	},
	"dependencies": {
		"ansi-regex": {
			"version": "6.2.0",
			"resolved": "https://registry.npmjs.org/ansi-regex/-/ansi-regex-6.2.0.tgz",
			"integrity": "sha512-TKY5pyBkHyADOPYlRT9Lx6F544mPl0vS5Ew7BJ45hA08Q+t3GjbueLliBWN3sMICk6+y7HdyxSzC4bWS8baBdg=="
		},
		"ansi-styles": {
			"version": "6.2.1",
			"resolved": "https://registry.npmjs.org/ansi-styles/-/ansi-styles-6.2.1.tgz",
			"integrity": "sha512-bN798gFfQX+viw3R7yrGWRqnrN2oRkEkUjjl4JNn4E8GxxbjtG3FbrEIIY3l8/hrwUwIeCZvi4QuOTP4MErVug=="
		},
		"cliui": {
			"version": "9.0.1",
			"resolved": "https://registry.npmjs.org/cliui/-/cliui-9.0.1.tgz",
			"integrity": "sha512-k7ndgKhwoQveBL+/1tqGJYNz097I7WOvwbmmU2AR5+magtbjPWQTS1C5vzGkBC8Ym8UWRzfKUzUUqFLypY4Q+w==",
			"requires": {
				"string-width": "^7.2.0",
				"strip-ansi": "^7.1.0",
				"wrap-ansi": "^9.0.0"
			}
		},
		"emoji-regex": {
			"version": "10.4.0",
			"resolved": "https://registry.npmjs.org/emoji-regex/-/emoji-regex-10.4.0.tgz",
			"integrity": "sha512-EC+0oUMY1Rqm4O6LLrgjtYDvcVYTy7chDnM4Q7030tP4Kwj3u/pR6gP9ygnp2CJMK5Gq+9Q2oqmrFJAz01DXjw=="
		},
		"escalade": {
			"version": "3.1.1",
			"resolved": "https://registry.npmjs.org/escalade/-/escalade-3.1.1.tgz",
			"integrity": "sha512-k0er2gUkLf8O0zKJiAhmkTnJlTvINGv7ygDNPbeIsX/TJjGJZHuh9B2UxbsaEkmlEo9MfhrSzmhIlhRlI2GXnw=="
		},
		"get-caller-file": {
			"version": "2.0.5",
			"resolved": "https://registry.npmjs.org/get-caller-file/-/get-caller-file-2.0.5.tgz",
			"integrity": "sha512-DyFP3BM/3YHTQOCUL/w0OZHR0lpKeGrxotcHWcqNEdnltqFwXVfhEBQ94eIo34AfQpo0rGki4cyIiftY06h2Fg=="
		},
		"get-east-asian-width": {
			"version": "1.3.0",
			"resolved": "https://registry.npmjs.org/get-east-asian-width/-/get-east-asian-width-1.3.0.tgz",
			"integrity": "sha512-vpeMIQKxczTD/0s2CdEWHcb0eeJe6TFjxb+J5xgX7hScxqrGuyjmv4c1D4A/gelKfyox0gJJwIHF+fLjeaM8kQ=="
		},
		"isexe": {
			"version": "2.0.0",
			"resolved": "https://registry.npmjs.org/isexe/-/isexe-2.0.0.tgz",
			"integrity": "sha512-RHxMLp9lnKHGHRng9QFhRCMbYAcVpn69smSGcq3f36xjgVVWThj4qqLbTLlq7Ssj8B+fIQ1EuCEGI2lKsyQeIw=="
		},
		"string-width": {
			"version": "7.2.0",
			"resolved": "https://registry.npmjs.org/string-width/-/string-width-7.2.0.tgz",
			"integrity": "sha512-tsaTIkKW9b4N+AEj+SVA+WhJzV7/zMhcSu78mLKWSk7cXMOSHsBKFWUs0fWwq8QyK3MgJBQRX6Gbi4kYbdvGkQ==",
			"requires": {
				"emoji-regex": "^10.3.0",
				"get-east-asian-width": "^1.0.0",
				"strip-ansi": "^7.1.0"
			}
		},
		"strip-ansi": {
			"version": "7.1.0",
			"resolved": "https://registry.npmjs.org/strip-ansi/-/strip-ansi-7.1.0.tgz",
			"integrity": "sha512-iq6eVVI64nQQTRYq2KtEg2d2uU7LElhTJwsH4YzIHZshxlgZms/wIc4VoDQTlG/IvVIrBKG06CrZnp0qv7hkcQ==",
			"requires": {
				"ansi-regex": "^6.0.1"
			}
		},
		"which": {
			"version": "2.0.2",
			"resolved": "https://registry.npmjs.org/which/-/which-2.0.2.tgz",
			"integrity": "sha512-BLI3Tl1TW3Pvl70l3yq3Y64i+awpwXqsGBYWkkqMtnbXgrMD+yj7rhW0kuEDxzJaYXGjEW5ogapKNMEKNMjibA==",
			"requires": {
				"isexe": "^2.0.0"
			}
		},
		"wrap-ansi": {
			"version": "9.0.0",
			"resolved": "https://registry.npmjs.org/wrap-ansi/-/wrap-ansi-9.0.0.tgz",
			"integrity": "sha512-G8ura3S+3Z2G+mkgNRq8dqaFZAuxfsxpBB8OCTGRTCtp+l/v9nbFNmCUP1BZMts3G1142MsZfn6eeUKrr4PD1Q==",
			"requires": {
				"ansi-styles": "^6.2.1",
				"string-width": "^7.0.0",
				"strip-ansi": "^7.1.0"
			}
		},
		"y18n": {
			"version": "5.0.8",
			"resolved": "https://registry.npmjs.org/y18n/-/y18n-5.0.8.tgz",
			"integrity": "sha512-0pfFzegeDWJHJIAmTLRP2DwHjdF5s7jo9tuztdQxAhINCdvS+3nGINqPd00AphqJR/0LhANUS6/+7SCb98YOfA=="
		},
		"yargs": {
			"version": "18.0.0",
			"resolved": "https://registry.npmjs.org/yargs/-/yargs-18.0.0.tgz",
			"integrity": "sha512-4UEqdc2RYGHZc7Doyqkrqiln3p9X2DZVxaGbwhn2pi7MrRagKaOcIKe8L3OxYcbhXLgLFUS3zAYuQjKBQgmuNg==",
			"requires": {
				"cliui": "^9.0.1",
				"escalade": "^3.1.1",
				"get-caller-file": "^2.0.5",
				"string-width": "^7.2.0",
				"y18n": "^5.0.5",
				"yargs-parser": "^22.0.0"
			}
		},
		"yargs-parser": {
			"version": "22.0.0",
			"resolved": "https://registry.npmjs.org/yargs-parser/-/yargs-parser-22.0.0.tgz",
			"integrity": "sha512-rwu/ClNdSMpkSrUb+d6BRsSkLUq1fmfsY6TOpYzTwvwkg1/NRG85KBy3kq++A8LKQwX6lsu+aWad+2khvuXrqw=="
		}
	}
}
